
Microsoft Visual Studio Solution File, Format Version 12.00
# Visual Studio Version 16
VisualStudioVersion = 16.0.29503.13
MinimumVisualStudioVersion = 10.0.40219.1
Project("{FAE04EC0-301F-11D3-BF4B-00C04F79EFBC}") = "ConsoleApp1", "ConsoleApp1\ConsoleApp1.csproj", "{269AC849-B627-44E5-BB30-E41645F2604C}"
EndProject
Global
	GlobalSection(SolutionConfigurationPlatforms) = preSolution
		Debug|Any CPU = Debug|Any CPU
		Release|Any CPU = Release|Any CPU
	EndGlobalSection
	GlobalSection(ProjectConfigurationPlatforms) = postSolution
		{269AC849-B627-44E5-BB30-E41645F2604C}.Debug|Any CPU.ActiveCfg = Debug|Any CPU
		{269AC849-B627-44E5-BB30-E41645F2604C}.Debug|Any CPU.Build.0 = Debug|Any CPU
		{269AC849-B627-44E5-BB30-E41645F2604C}.Release|Any CPU.ActiveCfg = Release|Any CPU
		{269AC849-B627-44E5-BB30-E41645F2604C}.Release|Any CPU.Build.0 = Release|Any CPU
	EndGlobalSection
	GlobalSection(SolutionProperties) = preSolution
		HideSolutionNode = FALSE
	EndGlobalSection
	GlobalSection(ExtensibilityGlobals) = postSolution
		SolutionGuid = {7DB1C0E9-D002-4CF9-958D-67FB1EE8C29E}
	EndGlobalSection
EndGlobal
